
Microsoft Visual Studio Solution File, Format Version 12.00
Project("{FAE04EC0-301F-11D3-BF4B-00C04F79EFBC}") = "WebApp", "WebApp\WebApp.csproj", "{31B46EC4-C550-4AB9-BA32-6E14544E5E5C}"
EndProject
Project("{2150E333-8FDC-42A3-9474-1A3956D46DE8}") = "Solution Items", "Solution Items", "{E079EEC5-336B-46F3-812E-4664D7FCD798}"
	ProjectSection(SolutionItems) = preProject
		.gitignore = .gitignore
		Directory.Build.props = Directory.Build.props
		README.md = README.md
	EndProjectSection
EndProject
Project("{2150E333-8FDC-42A3-9474-1A3956D46DE8}") = "DOMAIN", "DOMAIN", "{FB84C8BC-2DAD-468B-8FE4-F6383F27C479}"
EndProject
Project("{FAE04EC0-301F-11D3-BF4B-00C04F79EFBC}") = "Contracts.Domain", "Contracts.Domain\Contracts.Domain.csproj", "{E0659A67-7E53-417C-BDCD-5EA5A8BA2CF2}"
EndProject
Project("{FAE04EC0-301F-11D3-BF4B-00C04F79EFBC}") = "Domain.App", "Domain.App\Domain.App.csproj", "{A33D9639-66E5-4763-BBFA-E8E84F040819}"
EndProject
Project("{FAE04EC0-301F-11D3-BF4B-00C04F79EFBC}") = "Domain.Base", "Domain.Base\Domain.Base.csproj", "{0EADBBF6-FD97-4FBA-9182-DCA630047A5A}"
EndProject
Project("{2150E333-8FDC-42A3-9474-1A3956D46DE8}") = "DAL", "DAL", "{9A1BE292-0D81-41D9-9AD4-B61D43F98FDF}"
EndProject
Project("{FAE04EC0-301F-11D3-BF4B-00C04F79EFBC}") = "Contracts.DAL.App", "Contracts.DAL.App\Contracts.DAL.App.csproj", "{6FB059DB-6298-49BC-9403-DDB57E19C154}"
EndProject
Project("{FAE04EC0-301F-11D3-BF4B-00C04F79EFBC}") = "Contracts.DAL.Base", "Contracts.DAL.Base\Contracts.DAL.Base.csproj", "{8C5F31A0-ED47-4875-ADCF-9A5CDFAD4368}"
EndProject
Project("{FAE04EC0-301F-11D3-BF4B-00C04F79EFBC}") = "DAL.App.DTO", "DAL.App.DTO\DAL.App.DTO.csproj", "{3D10D0AF-8F33-4930-99A3-FED88F875EA1}"
EndProject
Project("{FAE04EC0-301F-11D3-BF4B-00C04F79EFBC}") = "DAL.App.EF", "DAL.App.EF\DAL.App.EF.csproj", "{2AC5962D-C67E-46B3-B7DE-4CBE2100B079}"
EndProject
Project("{FAE04EC0-301F-11D3-BF4B-00C04F79EFBC}") = "Mapper", "Mapper\Mapper.csproj", "{3AC2DD7C-44B5-4453-8F57-1DCB73646500}"
EndProject
Project("{FAE04EC0-301F-11D3-BF4B-00C04F79EFBC}") = "WebDTO", "WebDTO\WebDTO.csproj", "{E42DBFCA-2009-49BC-9232-4F00AD962EB7}"
EndProject
Project("{FAE04EC0-301F-11D3-BF4B-00C04F79EFBC}") = "Tests", "Tests\Tests.csproj", "{5A43485E-06B5-4B59-B99F-43A4960E6893}"
EndProject
Global
	GlobalSection(SolutionConfigurationPlatforms) = preSolution
		Debug|Any CPU = Debug|Any CPU
		Release|Any CPU = Release|Any CPU
	EndGlobalSection
	GlobalSection(ProjectConfigurationPlatforms) = postSolution
		{31B46EC4-C550-4AB9-BA32-6E14544E5E5C}.Debug|Any CPU.ActiveCfg = Debug|Any CPU
		{31B46EC4-C550-4AB9-BA32-6E14544E5E5C}.Debug|Any CPU.Build.0 = Debug|Any CPU
		{31B46EC4-C550-4AB9-BA32-6E14544E5E5C}.Release|Any CPU.ActiveCfg = Release|Any CPU
		{31B46EC4-C550-4AB9-BA32-6E14544E5E5C}.Release|Any CPU.Build.0 = Release|Any CPU
		{E0659A67-7E53-417C-BDCD-5EA5A8BA2CF2}.Debug|Any CPU.ActiveCfg = Debug|Any CPU
		{E0659A67-7E53-417C-BDCD-5EA5A8BA2CF2}.Debug|Any CPU.Build.0 = Debug|Any CPU
		{E0659A67-7E53-417C-BDCD-5EA5A8BA2CF2}.Release|Any CPU.ActiveCfg = Release|Any CPU
		{E0659A67-7E53-417C-BDCD-5EA5A8BA2CF2}.Release|Any CPU.Build.0 = Release|Any CPU
		{A33D9639-66E5-4763-BBFA-E8E84F040819}.Debug|Any CPU.ActiveCfg = Debug|Any CPU
		{A33D9639-66E5-4763-BBFA-E8E84F040819}.Debug|Any CPU.Build.0 = Debug|Any CPU
		{A33D9639-66E5-4763-BBFA-E8E84F040819}.Release|Any CPU.ActiveCfg = Release|Any CPU
		{A33D9639-66E5-4763-BBFA-E8E84F040819}.Release|Any CPU.Build.0 = Release|Any CPU
		{0EADBBF6-FD97-4FBA-9182-DCA630047A5A}.Debug|Any CPU.ActiveCfg = Debug|Any CPU
		{0EADBBF6-FD97-4FBA-9182-DCA630047A5A}.Debug|Any CPU.Build.0 = Debug|Any CPU
		{0EADBBF6-FD97-4FBA-9182-DCA630047A5A}.Release|Any CPU.ActiveCfg = Release|Any CPU
		{0EADBBF6-FD97-4FBA-9182-DCA630047A5A}.Release|Any CPU.Build.0 = Release|Any CPU
		{6FB059DB-6298-49BC-9403-DDB57E19C154}.Debug|Any CPU.ActiveCfg = Debug|Any CPU
		{6FB059DB-6298-49BC-9403-DDB57E19C154}.Debug|Any CPU.Build.0 = Debug|Any CPU
		{6FB059DB-6298-49BC-9403-DDB57E19C154}.Release|Any CPU.ActiveCfg = Release|Any CPU
		{6FB059DB-6298-49BC-9403-DDB57E19C154}.Release|Any CPU.Build.0 = Release|Any CPU
		{8C5F31A0-ED47-4875-ADCF-9A5CDFAD4368}.Debug|Any CPU.ActiveCfg = Debug|Any CPU
		{8C5F31A0-ED47-4875-ADCF-9A5CDFAD4368}.Debug|Any CPU.Build.0 = Debug|Any CPU
		{8C5F31A0-ED47-4875-ADCF-9A5CDFAD4368}.Release|Any CPU.ActiveCfg = Release|Any CPU
		{8C5F31A0-ED47-4875-ADCF-9A5CDFAD4368}.Release|Any CPU.Build.0 = Release|Any CPU
		{3D10D0AF-8F33-4930-99A3-FED88F875EA1}.Debug|Any CPU.ActiveCfg = Debug|Any CPU
		{3D10D0AF-8F33-4930-99A3-FED88F875EA1}.Debug|Any CPU.Build.0 = Debug|Any CPU
		{3D10D0AF-8F33-4930-99A3-FED88F875EA1}.Release|Any CPU.ActiveCfg = Release|Any CPU
		{3D10D0AF-8F33-4930-99A3-FED88F875EA1}.Release|Any CPU.Build.0 = Release|Any CPU
		{2AC5962D-C67E-46B3-B7DE-4CBE2100B079}.Debug|Any CPU.ActiveCfg = Debug|Any CPU
		{2AC5962D-C67E-46B3-B7DE-4CBE2100B079}.Debug|Any CPU.Build.0 = Debug|Any CPU
		{2AC5962D-C67E-46B3-B7DE-4CBE2100B079}.Release|Any CPU.ActiveCfg = Release|Any CPU
		{2AC5962D-C67E-46B3-B7DE-4CBE2100B079}.Release|Any CPU.Build.0 = Release|Any CPU
		{3AC2DD7C-44B5-4453-8F57-1DCB73646500}.Debug|Any CPU.ActiveCfg = Debug|Any CPU
		{3AC2DD7C-44B5-4453-8F57-1DCB73646500}.Debug|Any CPU.Build.0 = Debug|Any CPU
		{3AC2DD7C-44B5-4453-8F57-1DCB73646500}.Release|Any CPU.ActiveCfg = Release|Any CPU
		{3AC2DD7C-44B5-4453-8F57-1DCB73646500}.Release|Any CPU.Build.0 = Release|Any CPU
		{E42DBFCA-2009-49BC-9232-4F00AD962EB7}.Debug|Any CPU.ActiveCfg = Debug|Any CPU
		{E42DBFCA-2009-49BC-9232-4F00AD962EB7}.Debug|Any CPU.Build.0 = Debug|Any CPU
		{E42DBFCA-2009-49BC-9232-4F00AD962EB7}.Release|Any CPU.ActiveCfg = Release|Any CPU
		{E42DBFCA-2009-49BC-9232-4F00AD962EB7}.Release|Any CPU.Build.0 = Release|Any CPU
		{5A43485E-06B5-4B59-B99F-43A4960E6893}.Debug|Any CPU.ActiveCfg = Debug|Any CPU
		{5A43485E-06B5-4B59-B99F-43A4960E6893}.Debug|Any CPU.Build.0 = Debug|Any CPU
		{5A43485E-06B5-4B59-B99F-43A4960E6893}.Release|Any CPU.ActiveCfg = Release|Any CPU
		{5A43485E-06B5-4B59-B99F-43A4960E6893}.Release|Any CPU.Build.0 = Release|Any CPU
	EndGlobalSection
	GlobalSection(NestedProjects) = preSolution
		{E0659A67-7E53-417C-BDCD-5EA5A8BA2CF2} = {FB84C8BC-2DAD-468B-8FE4-F6383F27C479}
		{A33D9639-66E5-4763-BBFA-E8E84F040819} = {FB84C8BC-2DAD-468B-8FE4-F6383F27C479}
		{0EADBBF6-FD97-4FBA-9182-DCA630047A5A} = {FB84C8BC-2DAD-468B-8FE4-F6383F27C479}
		{6FB059DB-6298-49BC-9403-DDB57E19C154} = {9A1BE292-0D81-41D9-9AD4-B61D43F98FDF}
		{8C5F31A0-ED47-4875-ADCF-9A5CDFAD4368} = {9A1BE292-0D81-41D9-9AD4-B61D43F98FDF}
		{3D10D0AF-8F33-4930-99A3-FED88F875EA1} = {9A1BE292-0D81-41D9-9AD4-B61D43F98FDF}
		{2AC5962D-C67E-46B3-B7DE-4CBE2100B079} = {9A1BE292-0D81-41D9-9AD4-B61D43F98FDF}
	EndGlobalSection
EndGlobal
